{
  "name": "assets",
  "lockfileVersion": 2,
  "requires": true,
  "packages": {
    "": {
      "dependencies": {
        "uikit": "^3.14.2-dev.dedde7cc1"
      }
    },
    "node_modules/uikit": {
      "version": "3.14.2-dev.dedde7cc1",
      "resolved": "https://registry.npmjs.org/uikit/-/uikit-3.14.2-dev.dedde7cc1.tgz",
      "integrity": "sha512-bR8R9r7SgKMdVDSus861dcWroNANTu1tKLNqShTqrmcGY00itPheQcqo4LbzLT0Gqih7ZIh5GKdSpcEJY0cnOA=="
    }
  },
  "dependencies": {
    "uikit": {
      "version": "3.14.2-dev.dedde7cc1",
      "resolved": "https://registry.npmjs.org/uikit/-/uikit-3.14.2-dev.dedde7cc1.tgz",
      "integrity": "sha512-bR8R9r7SgKMdVDSus861dcWroNANTu1tKLNqShTqrmcGY00itPheQcqo4LbzLT0Gqih7ZIh5GKdSpcEJY0cnOA=="
    }
  }
}
